github.com/goctus/option v0.2.0 h1:RLYOccncTDrqUynI9GlAeTOop//7f+a232U/LFc72+0=
github.com/goctus/option v0.2.0/go.mod h1:PzDwGx5TU3VJIYDD5LMN5hoJuBaCf/vZc03nEYPLxG0=
github.com/goctus/scalar v0.2.0 h1:WCyPrcjC1ewkDTw2AX28HaKf7OwQbiOIbH4SNqBkx/A=
github.com/goctus/scalar v0.2.0/go.mod h1:ItDpJP7lzZV5O0O4ArMVWuo+X2KgD1R0T6M46pqOIfU=
